{
  "name": "caspera",
  "version": "1.0.0",
  "lockfileVersion": 3,
  "requires": true,
  "packages": {
    "": {
      "name": "caspera",
      "version": "1.0.0",
      "license": "ISC",
      "dependencies": {
        "a": "^4.0.8"
      }
    },
    "node_modules/a": {
      "version": "4.0.8",
      "resolved": "https://registry.npmjs.org/a/-/a-4.0.8.tgz",
      "integrity": "sha512-/7SgDLpo3zNbmhj4g0/5YLm3prMZV3l8l6Au4P4MutRpa8NW7XwY3p5E8mVdqqPtH6VQQviLuklJXRqZPKAOTg==",
      "license": "MIT",
      "dependencies": {
        "a_mock": "^2.0.1"
      }
    },
    "node_modules/a_mock": {
      "version": "2.0.5",
      "resolved": "https://registry.npmjs.org/a_mock/-/a_mock-2.0.5.tgz",
      "integrity": "sha512-bL/BHCU84pJpZxBeEtrT5b4Jvh0Jlhti1q7xJllsy0ENGl+2mHxmxSVnRn5fnDeGX83EuZPL0IJJ0mUKh/mf1g=="
    }
  }
}
